PODS:
  - Reachability (3.2)
  - XJUtil (0.1.8):
    - Reachability

DEPENDENCIES:
  - XJUtil (from `../`)

SPEC REPOS:
  https://github.com/cocoapods/specs.git:
    - Reachability

EXTERNAL SOURCES:
  XJUtil:
    :path: "../"

SPEC CHECKSUMS:
  Reachability: 33e18b67625424e47b6cde6d202dce689ad7af96
  XJUtil: cb5894d91a0665cb4e523d5449512558541ba0e7

PODFILE CHECKSUM: 87eda2292d40be848cd91d776bd83e0d6244f4be

COCOAPODS: 1.7.5
