PODS:
  - PINCache (3.0.1-beta.8):
    - PINCache/Arc-exception-safe (= 3.0.1-beta.8)
    - PINCache/Core (= 3.0.1-beta.8)
  - PINCache/Arc-exception-safe (3.0.1-beta.8):
    - PINCache/Core
  - PINCache/Core (3.0.1-beta.8):
    - PINOperation (~> 1.1.1)
  - PINOperation (1.1.2)
  - PINRemoteImage (3.0.0):
    - PINRemoteImage/PINCache (= 3.0.0)
  - PINRemoteImage/Core (3.0.0):
    - PINOperation
  - PINRemoteImage/PINCache (3.0.0):
    - PINCache (= 3.0.1-beta.8)
    - PINRemoteImage/Core
  - XJUtil (0.1.86):
    - PINRemoteImage (<= 3.0.0)

DEPENDENCIES:
  - XJUtil (from `../`)

SPEC REPOS:
  trunk:
    - PINCache
    - PINOperation
    - PINRemoteImage

EXTERNAL SOURCES:
  XJUtil:
    :path: "../"

SPEC CHECKSUMS:
  PINCache: 534fd41d358d828dfdf227a0d327f3673a65e20b
  PINOperation: 24b774353ca248fcf87d67b2d61eef42087c125a
  PINRemoteImage: e2b89e19fb6e77ffc099f9d9f3b3fe1745e3f9f9
  XJUtil: 2c5854ade1c100a0f1dda6d6042c82f785cdd21b

PODFILE CHECKSUM: 87eda2292d40be848cd91d776bd83e0d6244f4be

COCOAPODS: 1.9.1
