// !$*UTF8*$!
{
	archiveVersion = 1;
	classes = {
	};
	objectVersion = 46;
	objects = {

/* Begin PBXBuildFile section */
		07595447FC6C1D8D5898DB42 /* Pods_XJUtil_Tests.framework in Frameworks */ = {isa = PBXBuildFile; fileRef = 16A5D7CCA9547EC75BBEC5B8 /* Pods_XJUtil_Tests.framework */; };
		4AC1D3F60D26794CAB7C06FE /* Pods_XJUtil_Example.framework in Frameworks */ = {isa = PBXBuildFile; fileRef = DAECB48AD70CDD6C41B87430 /* Pods_XJUtil_Example.framework */; };
		6003F58E195388D20070C39A /* Foundation.framework in Frameworks */ = {isa = PBXBuildFile; fileRef = 6003F58D195388D20070C39A /* Foundation.framework */; };
		6003F590195388D20070C39A /* CoreGraphics.framework in Frameworks */ = {isa = PBXBuildFile; fileRef = 6003F58F195388D20070C39A /* CoreGraphics.framework */; };
		6003F592195388D20070C39A /* UIKit.framework in Frameworks */ = {isa = PBXBuildFile; fileRef = 6003F591195388D20070C39A /* UIKit.framework */; };
		6003F598195388D20070C39A /* InfoPlist.strings in Resources */ = {isa = PBXBuildFile; fileRef = 6003F596195388D20070C39A /* InfoPlist.strings */; };
		6003F59A195388D20070C39A /* main.m in Sources */ = {isa = PBXBuildFile; fileRef = 6003F599195388D20070C39A /* main.m */; };
		6003F59E195388D20070C39A /* XJAppDelegate.m in Sources */ = {isa = PBXBuildFile; fileRef = 6003F59D195388D20070C39A /* XJAppDelegate.m */; };
		6003F5A7195388D20070C39A /* XJViewController.m in Sources */ = {isa = PBXBuildFile; fileRef = 6003F5A6195388D20070C39A /* XJViewController.m */; };
		6003F5A9195388D20070C39A /* Images.xcassets in Resources */ = {isa = PBXBuildFile; fileRef = 6003F5A8195388D20070C39A /* Images.xcassets */; };
		6003F5B0195388D20070C39A /* XCTest.framework in Frameworks */ = {isa = PBXBuildFile; fileRef = 6003F5AF195388D20070C39A /* XCTest.framework */; };
		6003F5B1195388D20070C39A /* Foundation.framework in Frameworks */ = {isa = PBXBuildFile; fileRef = 6003F58D195388D20070C39A /* Foundation.framework */; };
		6003F5B2195388D20070C39A /* UIKit.framework in Frameworks */ = {isa = PBXBuildFile; fileRef = 6003F591195388D20070C39A /* UIKit.framework */; };
		6003F5BA195388D20070C39A /* InfoPlist.strings in Resources */ = {isa = PBXBuildFile; fileRef = 6003F5B8195388D20070C39A /* InfoPlist.strings */; };
		6003F5BC195388D20070C39A /* Tests.m in Sources */ = {isa = PBXBuildFile; fileRef = 6003F5BB195388D20070C39A /* Tests.m */; };
		71719F9F1E33DC2100824A3D /* LaunchScreen.storyboard in Resources */ = {isa = PBXBuildFile; fileRef = 71719F9D1E33DC2100824A3D /* LaunchScreen.storyboard */; };
		873B8AEB1B1F5CCA007FD442 /* Main.storyboard in Resources */ = {isa = PBXBuildFile; fileRef = 873B8AEA1B1F5CCA007FD442 /* Main.storyboard */; };
		9053C9B023056F3E00BE6BA4 /* UIImage+XJAdditions.m in Sources */ = {isa = PBXBuildFile; fileRef = 9053C97C23056F3D00BE6BA4 /* UIImage+XJAdditions.m */; };
		9053C9B123056F3E00BE6BA4 /* UIWindow+XJVisible.m in Sources */ = {isa = PBXBuildFile; fileRef = 9053C97E23056F3D00BE6BA4 /* UIWindow+XJVisible.m */; };
		9053C9B223056F3E00BE6BA4 /* UIImageView+XJImageManager.m in Sources */ = {isa = PBXBuildFile; fileRef = 9053C98123056F3D00BE6BA4 /* UIImageView+XJImageManager.m */; };
		9053C9B323056F3E00BE6BA4 /* NSString+XJExtension.m in Sources */ = {isa = PBXBuildFile; fileRef = 9053C98523056F3D00BE6BA4 /* NSString+XJExtension.m */; };
		9053C9B423056F3E00BE6BA4 /* UIViewController+XJStatusBar.m in Sources */ = {isa = PBXBuildFile; fileRef = 9053C98723056F3D00BE6BA4 /* UIViewController+XJStatusBar.m */; };
		9053C9B523056F3E00BE6BA4 /* UIViewController+XJExtension.m in Sources */ = {isa = PBXBuildFile; fileRef = 9053C98A23056F3D00BE6BA4 /* UIViewController+XJExtension.m */; };
		9053C9B823056F3E00BE6BA4 /* NSArray+XJEnumExtensions.m in Sources */ = {isa = PBXBuildFile; fileRef = 9053C99123056F3D00BE6BA4 /* NSArray+XJEnumExtensions.m */; };
		9053C9B923056F3E00BE6BA4 /* .gitkeep in Resources */ = {isa = PBXBuildFile; fileRef = 9053C99323056F3D00BE6BA4 /* .gitkeep */; };
		9053C9BA23056F3E00BE6BA4 /* XJGradientView.m in Sources */ = {isa = PBXBuildFile; fileRef = 9053C99723056F3E00BE6BA4 /* XJGradientView.m */; };
		9053C9BB23056F3E00BE6BA4 /* XJGradientImageView.m in Sources */ = {isa = PBXBuildFile; fileRef = 9053C99923056F3E00BE6BA4 /* XJGradientImageView.m */; };
		9053C9BC23056F3E00BE6BA4 /* XJBundleResource.m in Sources */ = {isa = PBXBuildFile; fileRef = 9053C99B23056F3E00BE6BA4 /* XJBundleResource.m */; };
		9053C9BD23056F3E00BE6BA4 /* XJTopWindow.m in Sources */ = {isa = PBXBuildFile; fileRef = 9053C99F23056F3E00BE6BA4 /* XJTopWindow.m */; };
		9053C9BE23056F3E00BE6BA4 /* WMPageController.m in Sources */ = {isa = PBXBuildFile; fileRef = 9053C9A323056F3E00BE6BA4 /* WMPageController.m */; };
		9053C9BF23056F3E00BE6BA4 /* WMScrollView.m in Sources */ = {isa = PBXBuildFile; fileRef = 9053C9A523056F3E00BE6BA4 /* WMScrollView.m */; };
		9053C9C023056F3E00BE6BA4 /* NSMutableSet+XJSafe.m in Sources */ = {isa = PBXBuildFile; fileRef = 9053C9A923056F3E00BE6BA4 /* NSMutableSet+XJSafe.m */; };
		9053C9C123056F3E00BE6BA4 /* NSArray+XJSafe.m in Sources */ = {isa = PBXBuildFile; fileRef = 9053C9AB23056F3E00BE6BA4 /* NSArray+XJSafe.m */; };
		9053C9C223056F3E00BE6BA4 /* NSString+XJSafe.m in Sources */ = {isa = PBXBuildFile; fileRef = 9053C9AD23056F3E00BE6BA4 /* NSString+XJSafe.m */; };
		9053C9C323056F3E00BE6BA4 /* NSDictionary+XJSafe.m in Sources */ = {isa = PBXBuildFile; fileRef = 9053C9AE23056F3E00BE6BA4 /* NSDictionary+XJSafe.m */; };
		9053C9C62306711900BE6BA4 /* UINavigationController+XJAppareance.m in Sources */ = {isa = PBXBuildFile; fileRef = 9053C9C52306711900BE6BA4 /* UINavigationController+XJAppareance.m */; };
/* End PBXBuildFile section */

/* Begin PBXContainerItemProxy section */
		6003F5B3195388D20070C39A /* PBXContainerItemProxy */ = {
			isa = PBXContainerItemProxy;
			containerPortal = 6003F582195388D10070C39A /* Project object */;
			proxyType = 1;
			remoteGlobalIDString = 6003F589195388D20070C39A;
			remoteInfo = XJUtil;
		};
/* End PBXContainerItemProxy section */

/* Begin PBXFileReference section */
		126804DAE291320D3E72A0A1 /* Pods-XJUtil_Example.release.xcconfig */ = {isa = PBXFileReference; includeInIndex = 1; lastKnownFileType = text.xcconfig; name = "Pods-XJUtil_Example.release.xcconfig"; path = "Target Support Files/Pods-XJUtil_Example/Pods-XJUtil_Example.release.xcconfig"; sourceTree = "<group>"; };
		16A5D7CCA9547EC75BBEC5B8 /* Pods_XJUtil_Tests.framework */ = {isa = PBXFileReference; explicitFileType = wrapper.framework; includeInIndex = 0; path = Pods_XJUtil_Tests.framework; sourceTree = BUILT_PRODUCTS_DIR; };
		327B242C15D49D2A3212E17A /* Pods-XJUtil_Tests.release.xcconfig */ = {isa = PBXFileReference; includeInIndex = 1; lastKnownFileType = text.xcconfig; name = "Pods-XJUtil_Tests.release.xcconfig"; path = "Target Support Files/Pods-XJUtil_Tests/Pods-XJUtil_Tests.release.xcconfig"; sourceTree = "<group>"; };
		4099C654DC6D3C6D73254522 /* Pods-XJUtil_Example.debug.xcconfig */ = {isa = PBXFileReference; includeInIndex = 1; lastKnownFileType = text.xcconfig; name = "Pods-XJUtil_Example.debug.xcconfig"; path = "Target Support Files/Pods-XJUtil_Example/Pods-XJUtil_Example.debug.xcconfig"; sourceTree = "<group>"; };
		6003F58A195388D20070C39A /* XJUtil_Example.app */ = {isa = PBXFileReference; explicitFileType = wrapper.application; includeInIndex = 0; path = XJUtil_Example.app; sourceTree = BUILT_PRODUCTS_DIR; };
		6003F58D195388D20070C39A /* Foundation.framework */ = {isa = PBXFileReference; lastKnownFileType = wrapper.framework; name = Foundation.framework; path = System/Library/Frameworks/Foundation.framework; sourceTree = SDKROOT; };
		6003F58F195388D20070C39A /* CoreGraphics.framework */ = {isa = PBXFileReference; lastKnownFileType = wrapper.framework; name = CoreGraphics.framework; path = System/Library/Frameworks/CoreGraphics.framework; sourceTree = SDKROOT; };
		6003F591195388D20070C39A /* UIKit.framework */ = {isa = PBXFileReference; lastKnownFileType = wrapper.framework; name = UIKit.framework; path = System/Library/Frameworks/UIKit.framework; sourceTree = SDKROOT; };
		6003F595195388D20070C39A /* XJUtil-Info.plist */ = {isa = PBXFileReference; lastKnownFileType = text.plist.xml; path = "XJUtil-Info.plist"; sourceTree = "<group>"; };
		6003F597195388D20070C39A /* en */ = {isa = PBXFileReference; lastKnownFileType = text.plist.strings; name = en; path = en.lproj/InfoPlist.strings; sourceTree = "<group>"; };
		6003F599195388D20070C39A /* main.m */ = {isa = PBXFileReference; lastKnownFileType = sourcecode.c.objc; path = main.m; sourceTree = "<group>"; };
		6003F59B195388D20070C39A /* XJUtil-Prefix.pch */ = {isa = PBXFileReference; lastKnownFileType = sourcecode.c.h; path = "XJUtil-Prefix.pch"; sourceTree = "<group>"; };
		6003F59C195388D20070C39A /* XJAppDelegate.h */ = {isa = PBXFileReference; lastKnownFileType = sourcecode.c.h; path = XJAppDelegate.h; sourceTree = "<group>"; };
		6003F59D195388D20070C39A /* XJAppDelegate.m */ = {isa = PBXFileReference; lastKnownFileType = sourcecode.c.objc; path = XJAppDelegate.m; sourceTree = "<group>"; };
		6003F5A5195388D20070C39A /* XJViewController.h */ = {isa = PBXFileReference; lastKnownFileType = sourcecode.c.h; path = XJViewController.h; sourceTree = "<group>"; };
		6003F5A6195388D20070C39A /* XJViewController.m */ = {isa = PBXFileReference; lastKnownFileType = sourcecode.c.objc; path = XJViewController.m; sourceTree = "<group>"; };
		6003F5A8195388D20070C39A /* Images.xcassets */ = {isa = PBXFileReference; lastKnownFileType = folder.assetcatalog; path = Images.xcassets; sourceTree = "<group>"; };
		6003F5AE195388D20070C39A /* XJUtil_Tests.xctest */ = {isa = PBXFileReference; explicitFileType = wrapper.cfbundle; includeInIndex = 0; path = XJUtil_Tests.xctest; sourceTree = BUILT_PRODUCTS_DIR; };
		6003F5AF195388D20070C39A /* XCTest.framework */ = {isa = PBXFileReference; lastKnownFileType = wrapper.framework; name = XCTest.framework; path = Library/Frameworks/XCTest.framework; sourceTree = DEVELOPER_DIR; };
		6003F5B7195388D20070C39A /* Tests-Info.plist */ = {isa = PBXFileReference; lastKnownFileType = text.plist.xml; path = "Tests-Info.plist"; sourceTree = "<group>"; };
		6003F5B9195388D20070C39A /* en */ = {isa = PBXFileReference; lastKnownFileType = text.plist.strings; name = en; path = en.lproj/InfoPlist.strings; sourceTree = "<group>"; };
		6003F5BB195388D20070C39A /* Tests.m */ = {isa = PBXFileReference; lastKnownFileType = sourcecode.c.objc; path = Tests.m; sourceTree = "<group>"; };
		606FC2411953D9B200FFA9A0 /* Tests-Prefix.pch */ = {isa = PBXFileReference; lastKnownFileType = sourcecode.c.h; path = "Tests-Prefix.pch"; sourceTree = "<group>"; };
		61DC9002E43F868A4995E081 /* LICENSE */ = {isa = PBXFileReference; includeInIndex = 1; lastKnownFileType = text; name = LICENSE; path = ../LICENSE; sourceTree = "<group>"; };
		693F1C87E60A27CB9FC90182 /* README.md */ = {isa = PBXFileReference; includeInIndex = 1; lastKnownFileType = net.daringfireball.markdown; name = README.md; path = ../README.md; sourceTree = "<group>"; };
		71719F9E1E33DC2100824A3D /* Base */ = {isa = PBXFileReference; lastKnownFileType = file.storyboard; name = Base; path = Base.lproj/LaunchScreen.storyboard; sourceTree = "<group>"; };
		873B8AEA1B1F5CCA007FD442 /* Main.storyboard */ = {isa = PBXFileReference; fileEncoding = 4; lastKnownFileType = file.storyboard; name = Main.storyboard; path = Base.lproj/Main.storyboard; sourceTree = "<group>"; };
		9053C97B23056F3D00BE6BA4 /* UIImage+XJAdditions.h */ = {isa = PBXFileReference; fileEncoding = 4; lastKnownFileType = sourcecode.c.h; path = "UIImage+XJAdditions.h"; sourceTree = "<group>"; };
		9053C97C23056F3D00BE6BA4 /* UIImage+XJAdditions.m */ = {isa = PBXFileReference; fileEncoding = 4; lastKnownFileType = sourcecode.c.objc; path = "UIImage+XJAdditions.m"; sourceTree = "<group>"; };
		9053C97E23056F3D00BE6BA4 /* UIWindow+XJVisible.m */ = {isa = PBXFileReference; fileEncoding = 4; lastKnownFileType = sourcecode.c.objc; path = "UIWindow+XJVisible.m"; sourceTree = "<group>"; };
		9053C97F23056F3D00BE6BA4 /* UIWindow+XJVisible.h */ = {isa = PBXFileReference; fileEncoding = 4; lastKnownFileType = sourcecode.c.h; path = "UIWindow+XJVisible.h"; sourceTree = "<group>"; };
		9053C98123056F3D00BE6BA4 /* UIImageView+XJImageManager.m */ = {isa = PBXFileReference; fileEncoding = 4; lastKnownFileType = sourcecode.c.objc; path = "UIImageView+XJImageManager.m"; sourceTree = "<group>"; };
		9053C98223056F3D00BE6BA4 /* UIImageView+XJImageManager.h */ = {isa = PBXFileReference; fileEncoding = 4; lastKnownFileType = sourcecode.c.h; path = "UIImageView+XJImageManager.h"; sourceTree = "<group>"; };
		9053C98423056F3D00BE6BA4 /* NSString+XJExtension.h */ = {isa = PBXFileReference; fileEncoding = 4; lastKnownFileType = sourcecode.c.h; path = "NSString+XJExtension.h"; sourceTree = "<group>"; };
		9053C98523056F3D00BE6BA4 /* NSString+XJExtension.m */ = {isa = PBXFileReference; fileEncoding = 4; lastKnownFileType = sourcecode.c.objc; path = "NSString+XJExtension.m"; sourceTree = "<group>"; };
		9053C98723056F3D00BE6BA4 /* UIViewController+XJStatusBar.m */ = {isa = PBXFileReference; fileEncoding = 4; lastKnownFileType = sourcecode.c.objc; path = "UIViewController+XJStatusBar.m"; sourceTree = "<group>"; };
		9053C98823056F3D00BE6BA4 /* UIViewController+XJExtension.h */ = {isa = PBXFileReference; fileEncoding = 4; lastKnownFileType = sourcecode.c.h; path = "UIViewController+XJExtension.h"; sourceTree = "<group>"; };
		9053C98923056F3D00BE6BA4 /* UIViewController+XJStatusBar.h */ = {isa = PBXFileReference; fileEncoding = 4; lastKnownFileType = sourcecode.c.h; path = "UIViewController+XJStatusBar.h"; sourceTree = "<group>"; };
		9053C98A23056F3D00BE6BA4 /* UIViewController+XJExtension.m */ = {isa = PBXFileReference; fileEncoding = 4; lastKnownFileType = sourcecode.c.objc; path = "UIViewController+XJExtension.m"; sourceTree = "<group>"; };
		9053C99123056F3D00BE6BA4 /* NSArray+XJEnumExtensions.m */ = {isa = PBXFileReference; fileEncoding = 4; lastKnownFileType = sourcecode.c.objc; path = "NSArray+XJEnumExtensions.m"; sourceTree = "<group>"; };
		9053C99223056F3D00BE6BA4 /* NSArray+XJEnumExtensions.h */ = {isa = PBXFileReference; fileEncoding = 4; lastKnownFileType = sourcecode.c.h; path = "NSArray+XJEnumExtensions.h"; sourceTree = "<group>"; };
		9053C99323056F3D00BE6BA4 /* .gitkeep */ = {isa = PBXFileReference; fileEncoding = 4; lastKnownFileType = text; path = .gitkeep; sourceTree = "<group>"; };
		9053C99523056F3D00BE6BA4 /* XJGradientImageView.h */ = {isa = PBXFileReference; fileEncoding = 4; lastKnownFileType = sourcecode.c.h; path = XJGradientImageView.h; sourceTree = "<group>"; };
		9053C99723056F3E00BE6BA4 /* XJGradientView.m */ = {isa = PBXFileReference; fileEncoding = 4; lastKnownFileType = sourcecode.c.objc; path = XJGradientView.m; sourceTree = "<group>"; };
		9053C99823056F3E00BE6BA4 /* XJGradientView.h */ = {isa = PBXFileReference; fileEncoding = 4; lastKnownFileType = sourcecode.c.h; path = XJGradientView.h; sourceTree = "<group>"; };
		9053C99923056F3E00BE6BA4 /* XJGradientImageView.m */ = {isa = PBXFileReference; fileEncoding = 4; lastKnownFileType = sourcecode.c.objc; path = XJGradientImageView.m; sourceTree = "<group>"; };
		9053C99B23056F3E00BE6BA4 /* XJBundleResource.m */ = {isa = PBXFileReference; fileEncoding = 4; lastKnownFileType = sourcecode.c.objc; path = XJBundleResource.m; sourceTree = "<group>"; };
		9053C99C23056F3E00BE6BA4 /* XJBundleResource.h */ = {isa = PBXFileReference; fileEncoding = 4; lastKnownFileType = sourcecode.c.h; path = XJBundleResource.h; sourceTree = "<group>"; };
		9053C99E23056F3E00BE6BA4 /* XJTopWindow.h */ = {isa = PBXFileReference; fileEncoding = 4; lastKnownFileType = sourcecode.c.h; path = XJTopWindow.h; sourceTree = "<group>"; };
		9053C99F23056F3E00BE6BA4 /* XJTopWindow.m */ = {isa = PBXFileReference; fileEncoding = 4; lastKnownFileType = sourcecode.c.objc; path = XJTopWindow.m; sourceTree = "<group>"; };
		9053C9A223056F3E00BE6BA4 /* WMScrollView.h */ = {isa = PBXFileReference; fileEncoding = 4; lastKnownFileType = sourcecode.c.h; path = WMScrollView.h; sourceTree = "<group>"; };
		9053C9A323056F3E00BE6BA4 /* WMPageController.m */ = {isa = PBXFileReference; fileEncoding = 4; lastKnownFileType = sourcecode.c.objc; path = WMPageController.m; sourceTree = "<group>"; };
		9053C9A423056F3E00BE6BA4 /* WMPageController.h */ = {isa = PBXFileReference; fileEncoding = 4; lastKnownFileType = sourcecode.c.h; path = WMPageController.h; sourceTree = "<group>"; };
		9053C9A523056F3E00BE6BA4 /* WMScrollView.m */ = {isa = PBXFileReference; fileEncoding = 4; lastKnownFileType = sourcecode.c.objc; path = WMScrollView.m; sourceTree = "<group>"; };
		9053C9A723056F3E00BE6BA4 /* NSArray+XJSafe.h */ = {isa = PBXFileReference; fileEncoding = 4; lastKnownFileType = sourcecode.c.h; path = "NSArray+XJSafe.h"; sourceTree = "<group>"; };
		9053C9A823056F3E00BE6BA4 /* NSString+XJSafe.h */ = {isa = PBXFileReference; fileEncoding = 4; lastKnownFileType = sourcecode.c.h; path = "NSString+XJSafe.h"; sourceTree = "<group>"; };
		9053C9A923056F3E00BE6BA4 /* NSMutableSet+XJSafe.m */ = {isa = PBXFileReference; fileEncoding = 4; lastKnownFileType = sourcecode.c.objc; path = "NSMutableSet+XJSafe.m"; sourceTree = "<group>"; };
		9053C9AA23056F3E00BE6BA4 /* NSDictionary+XJSafe.h */ = {isa = PBXFileReference; fileEncoding = 4; lastKnownFileType = sourcecode.c.h; path = "NSDictionary+XJSafe.h"; sourceTree = "<group>"; };
		9053C9AB23056F3E00BE6BA4 /* NSArray+XJSafe.m */ = {isa = PBXFileReference; fileEncoding = 4; lastKnownFileType = sourcecode.c.objc; path = "NSArray+XJSafe.m"; sourceTree = "<group>"; };
		9053C9AC23056F3E00BE6BA4 /* NSMutableSet+XJSafe.h */ = {isa = PBXFileReference; fileEncoding = 4; lastKnownFileType = sourcecode.c.h; path = "NSMutableSet+XJSafe.h"; sourceTree = "<group>"; };
		9053C9AD23056F3E00BE6BA4 /* NSString+XJSafe.m */ = {isa = PBXFileReference; fileEncoding = 4; lastKnownFileType = sourcecode.c.objc; path = "NSString+XJSafe.m"; sourceTree = "<group>"; };
		9053C9AE23056F3E00BE6BA4 /* NSDictionary+XJSafe.m */ = {isa = PBXFileReference; fileEncoding = 4; lastKnownFileType = sourcecode.c.objc; path = "NSDictionary+XJSafe.m"; sourceTree = "<group>"; };
		9053C9AF23056F3E00BE6BA4 /* XJCrashProtector.h */ = {isa = PBXFileReference; fileEncoding = 4; lastKnownFileType = sourcecode.c.h; path = XJCrashProtector.h; sourceTree = "<group>"; };
		9053C9C42306711900BE6BA4 /* UINavigationController+XJAppareance.h */ = {isa = PBXFileReference; lastKnownFileType = sourcecode.c.h; path = "UINavigationController+XJAppareance.h"; sourceTree = "<group>"; };
		9053C9C52306711900BE6BA4 /* UINavigationController+XJAppareance.m */ = {isa = PBXFileReference; lastKnownFileType = sourcecode.c.objc; path = "UINavigationController+XJAppareance.m"; sourceTree = "<group>"; };
		B65D6E9CDD7C2912ECF969F4 /* XJUtil.podspec */ = {isa = PBXFileReference; includeInIndex = 1; lastKnownFileType = text; name = XJUtil.podspec; path = ../XJUtil.podspec; sourceTree = "<group>"; xcLanguageSpecificationIdentifier = xcode.lang.ruby; };
		D4E9A4D0FA19758F9D846DE6 /* Pods-XJUtil_Tests.debug.xcconfig */ = {isa = PBXFileReference; includeInIndex = 1; lastKnownFileType = text.xcconfig; name = "Pods-XJUtil_Tests.debug.xcconfig"; path = "Target Support Files/Pods-XJUtil_Tests/Pods-XJUtil_Tests.debug.xcconfig"; sourceTree = "<group>"; };
		DAECB48AD70CDD6C41B87430 /* Pods_XJUtil_Example.framework */ = {isa = PBXFileReference; explicitFileType = wrapper.framework; includeInIndex = 0; path = Pods_XJUtil_Example.framework; sourceTree = BUILT_PRODUCTS_DIR; };
/* End PBXFileReference section */

/* Begin PBXFrameworksBuildPhase section */
		6003F587195388D20070C39A /* Frameworks */ = {
			isa = PBXFrameworksBuildPhase;
			buildActionMask = 2147483647;
			files = (
				6003F590195388D20070C39A /* CoreGraphics.framework in Frameworks */,
				6003F592195388D20070C39A /* UIKit.framework in Frameworks */,
				6003F58E195388D20070C39A /* Foundation.framework in Frameworks */,
				4AC1D3F60D26794CAB7C06FE /* Pods_XJUtil_Example.framework in Frameworks */,
			);
			runOnlyForDeploymentPostprocessing = 0;
		};
		6003F5AB195388D20070C39A /* Frameworks */ = {
			isa = PBXFrameworksBuildPhase;
			buildActionMask = 2147483647;
			files = (
				6003F5B0195388D20070C39A /* XCTest.framework in Frameworks */,
				6003F5B2195388D20070C39A /* UIKit.framework in Frameworks */,
				6003F5B1195388D20070C39A /* Foundation.framework in Frameworks */,
				07595447FC6C1D8D5898DB42 /* Pods_XJUtil_Tests.framework in Frameworks */,
			);
			runOnlyForDeploymentPostprocessing = 0;
		};
/* End PBXFrameworksBuildPhase section */

/* Begin PBXGroup section */
		6003F581195388D10070C39A = {
			isa = PBXGroup;
			children = (
				60FF7A9C1954A5C5007DD14C /* Podspec Metadata */,
				6003F593195388D20070C39A /* Example for XJUtil */,
				6003F5B5195388D20070C39A /* Tests */,
				6003F58C195388D20070C39A /* Frameworks */,
				6003F58B195388D20070C39A /* Products */,
				990635E04859E220FAA1AF77 /* Pods */,
			);
			sourceTree = "<group>";
		};
		6003F58B195388D20070C39A /* Products */ = {
			isa = PBXGroup;
			children = (
				6003F58A195388D20070C39A /* XJUtil_Example.app */,
				6003F5AE195388D20070C39A /* XJUtil_Tests.xctest */,
			);
			name = Products;
			sourceTree = "<group>";
		};
		6003F58C195388D20070C39A /* Frameworks */ = {
			isa = PBXGroup;
			children = (
				6003F58D195388D20070C39A /* Foundation.framework */,
				6003F58F195388D20070C39A /* CoreGraphics.framework */,
				6003F591195388D20070C39A /* UIKit.framework */,
				6003F5AF195388D20070C39A /* XCTest.framework */,
				DAECB48AD70CDD6C41B87430 /* Pods_XJUtil_Example.framework */,
				16A5D7CCA9547EC75BBEC5B8 /* Pods_XJUtil_Tests.framework */,
			);
			name = Frameworks;
			sourceTree = "<group>";
		};
		6003F593195388D20070C39A /* Example for XJUtil */ = {
			isa = PBXGroup;
			children = (
				9053C97823056F3D00BE6BA4 /* Classes */,
				6003F59C195388D20070C39A /* XJAppDelegate.h */,
				6003F59D195388D20070C39A /* XJAppDelegate.m */,
				873B8AEA1B1F5CCA007FD442 /* Main.storyboard */,
				6003F5A5195388D20070C39A /* XJViewController.h */,
				6003F5A6195388D20070C39A /* XJViewController.m */,
				71719F9D1E33DC2100824A3D /* LaunchScreen.storyboard */,
				6003F5A8195388D20070C39A /* Images.xcassets */,
				6003F594195388D20070C39A /* Supporting Files */,
			);
			name = "Example for XJUtil";
			path = XJUtil;
			sourceTree = "<group>";
		};
		6003F594195388D20070C39A /* Supporting Files */ = {
			isa = PBXGroup;
			children = (
				6003F595195388D20070C39A /* XJUtil-Info.plist */,
				6003F596195388D20070C39A /* InfoPlist.strings */,
				6003F599195388D20070C39A /* main.m */,
				6003F59B195388D20070C39A /* XJUtil-Prefix.pch */,
			);
			name = "Supporting Files";
			sourceTree = "<group>";
		};
		6003F5B5195388D20070C39A /* Tests */ = {
			isa = PBXGroup;
			children = (
				6003F5BB195388D20070C39A /* Tests.m */,
				6003F5B6195388D20070C39A /* Supporting Files */,
			);
			path = Tests;
			sourceTree = "<group>";
		};
		6003F5B6195388D20070C39A /* Supporting Files */ = {
			isa = PBXGroup;
			children = (
				6003F5B7195388D20070C39A /* Tests-Info.plist */,
				6003F5B8195388D20070C39A /* InfoPlist.strings */,
				606FC2411953D9B200FFA9A0 /* Tests-Prefix.pch */,
			);
			name = "Supporting Files";
			sourceTree = "<group>";
		};
		60FF7A9C1954A5C5007DD14C /* Podspec Metadata */ = {
			isa = PBXGroup;
			children = (
				B65D6E9CDD7C2912ECF969F4 /* XJUtil.podspec */,
				693F1C87E60A27CB9FC90182 /* README.md */,
				61DC9002E43F868A4995E081 /* LICENSE */,
			);
			name = "Podspec Metadata";
			sourceTree = "<group>";
		};
		9053C97823056F3D00BE6BA4 /* Classes */ = {
			isa = PBXGroup;
			children = (
				9053C97923056F3D00BE6BA4 /* Category */,
				9053C99323056F3D00BE6BA4 /* .gitkeep */,
				9053C99423056F3D00BE6BA4 /* XJGradientImageView */,
				9053C99A23056F3E00BE6BA4 /* XJBundleResource */,
				9053C99D23056F3E00BE6BA4 /* XJTopWindow */,
				9053C9A023056F3E00BE6BA4 /* ThirdParty */,
				9053C9A623056F3E00BE6BA4 /* XJCrashProtector */,
			);
			name = Classes;
			path = ../../XJUtil/Classes;
			sourceTree = "<group>";
		};
		9053C97923056F3D00BE6BA4 /* Category */ = {
			isa = PBXGroup;
			children = (
				9053C97A23056F3D00BE6BA4 /* UIImage */,
				9053C97D23056F3D00BE6BA4 /* UIWindow */,
				9053C98023056F3D00BE6BA4 /* UIImageView */,
				9053C98323056F3D00BE6BA4 /* NSString */,
				9053C98623056F3D00BE6BA4 /* UIViewController */,
				9053C98B23056F3D00BE6BA4 /* UINavigationController */,
				9053C99023056F3D00BE6BA4 /* NSArray */,
			);
			path = Category;
			sourceTree = "<group>";
		};
		9053C97A23056F3D00BE6BA4 /* UIImage */ = {
			isa = PBXGroup;
			children = (
				9053C97B23056F3D00BE6BA4 /* UIImage+XJAdditions.h */,
				9053C97C23056F3D00BE6BA4 /* UIImage+XJAdditions.m */,
			);
			path = UIImage;
			sourceTree = "<group>";
		};
		9053C97D23056F3D00BE6BA4 /* UIWindow */ = {
			isa = PBXGroup;
			children = (
				9053C97E23056F3D00BE6BA4 /* UIWindow+XJVisible.m */,
				9053C97F23056F3D00BE6BA4 /* UIWindow+XJVisible.h */,
			);
			path = UIWindow;
			sourceTree = "<group>";
		};
		9053C98023056F3D00BE6BA4 /* UIImageView */ = {
			isa = PBXGroup;
			children = (
				9053C98123056F3D00BE6BA4 /* UIImageView+XJImageManager.m */,
				9053C98223056F3D00BE6BA4 /* UIImageView+XJImageManager.h */,
			);
			path = UIImageView;
			sourceTree = "<group>";
		};
		9053C98323056F3D00BE6BA4 /* NSString */ = {
			isa = PBXGroup;
			children = (
				9053C98423056F3D00BE6BA4 /* NSString+XJExtension.h */,
				9053C98523056F3D00BE6BA4 /* NSString+XJExtension.m */,
			);
			path = NSString;
			sourceTree = "<group>";
		};
		9053C98623056F3D00BE6BA4 /* UIViewController */ = {
			isa = PBXGroup;
			children = (
				9053C98923056F3D00BE6BA4 /* UIViewController+XJStatusBar.h */,
				9053C98723056F3D00BE6BA4 /* UIViewController+XJStatusBar.m */,
				9053C98823056F3D00BE6BA4 /* UIViewController+XJExtension.h */,
				9053C98A23056F3D00BE6BA4 /* UIViewController+XJExtension.m */,
			);
			path = UIViewController;
			sourceTree = "<group>";
		};
		9053C98B23056F3D00BE6BA4 /* UINavigationController */ = {
			isa = PBXGroup;
			children = (
				9053C9C42306711900BE6BA4 /* UINavigationController+XJAppareance.h */,
				9053C9C52306711900BE6BA4 /* UINavigationController+XJAppareance.m */,
			);
			path = UINavigationController;
			sourceTree = "<group>";
		};
		9053C99023056F3D00BE6BA4 /* NSArray */ = {
			isa = PBXGroup;
			children = (
				9053C99123056F3D00BE6BA4 /* NSArray+XJEnumExtensions.m */,
				9053C99223056F3D00BE6BA4 /* NSArray+XJEnumExtensions.h */,
			);
			path = NSArray;
			sourceTree = "<group>";
		};
		9053C99423056F3D00BE6BA4 /* XJGradientImageView */ = {
			isa = PBXGroup;
			children = (
				9053C99523056F3D00BE6BA4 /* XJGradientImageView.h */,
				9053C99623056F3D00BE6BA4 /* XJGradientView */,
				9053C99923056F3E00BE6BA4 /* XJGradientImageView.m */,
			);
			path = XJGradientImageView;
			sourceTree = "<group>";
		};
		9053C99623056F3D00BE6BA4 /* XJGradientView */ = {
			isa = PBXGroup;
			children = (
				9053C99723056F3E00BE6BA4 /* XJGradientView.m */,
				9053C99823056F3E00BE6BA4 /* XJGradientView.h */,
			);
			path = XJGradientView;
			sourceTree = "<group>";
		};
		9053C99A23056F3E00BE6BA4 /* XJBundleResource */ = {
			isa = PBXGroup;
			children = (
				9053C99B23056F3E00BE6BA4 /* XJBundleResource.m */,
				9053C99C23056F3E00BE6BA4 /* XJBundleResource.h */,
			);
			path = XJBundleResource;
			sourceTree = "<group>";
		};
		9053C99D23056F3E00BE6BA4 /* XJTopWindow */ = {
			isa = PBXGroup;
			children = (
				9053C99E23056F3E00BE6BA4 /* XJTopWindow.h */,
				9053C99F23056F3E00BE6BA4 /* XJTopWindow.m */,
			);
			path = XJTopWindow;
			sourceTree = "<group>";
		};
		9053C9A023056F3E00BE6BA4 /* ThirdParty */ = {
			isa = PBXGroup;
			children = (
				9053C9A123056F3E00BE6BA4 /* WMPageController */,
			);
			path = ThirdParty;
			sourceTree = "<group>";
		};
		9053C9A123056F3E00BE6BA4 /* WMPageController */ = {
			isa = PBXGroup;
			children = (
				9053C9A223056F3E00BE6BA4 /* WMScrollView.h */,
				9053C9A323056F3E00BE6BA4 /* WMPageController.m */,
				9053C9A423056F3E00BE6BA4 /* WMPageController.h */,
				9053C9A523056F3E00BE6BA4 /* WMScrollView.m */,
			);
			path = WMPageController;
			sourceTree = "<group>";
		};
		9053C9A623056F3E00BE6BA4 /* XJCrashProtector */ = {
			isa = PBXGroup;
			children = (
				9053C9A723056F3E00BE6BA4 /* NSArray+XJSafe.h */,
				9053C9A823056F3E00BE6BA4 /* NSString+XJSafe.h */,
				9053C9A923056F3E00BE6BA4 /* NSMutableSet+XJSafe.m */,
				9053C9AA23056F3E00BE6BA4 /* NSDictionary+XJSafe.h */,
				9053C9AB23056F3E00BE6BA4 /* NSArray+XJSafe.m */,
				9053C9AC23056F3E00BE6BA4 /* NSMutableSet+XJSafe.h */,
				9053C9AD23056F3E00BE6BA4 /* NSString+XJSafe.m */,
				9053C9AE23056F3E00BE6BA4 /* NSDictionary+XJSafe.m */,
				9053C9AF23056F3E00BE6BA4 /* XJCrashProtector.h */,
			);
			path = XJCrashProtector;
			sourceTree = "<group>";
		};
		990635E04859E220FAA1AF77 /* Pods */ = {
			isa = PBXGroup;
			children = (
				4099C654DC6D3C6D73254522 /* Pods-XJUtil_Example.debug.xcconfig */,
				126804DAE291320D3E72A0A1 /* Pods-XJUtil_Example.release.xcconfig */,
				D4E9A4D0FA19758F9D846DE6 /* Pods-XJUtil_Tests.debug.xcconfig */,
				327B242C15D49D2A3212E17A /* Pods-XJUtil_Tests.release.xcconfig */,
			);
			path = Pods;
			sourceTree = "<group>";
		};
/* End PBXGroup section */

/* Begin PBXNativeTarget section */
		6003F589195388D20070C39A /* XJUtil_Example */ = {
			isa = PBXNativeTarget;
			buildConfigurationList = 6003F5BF195388D20070C39A /* Build configuration list for PBXNativeTarget "XJUtil_Example" */;
			buildPhases = (
				040A54EB70D87D3788FA3C3B /* [CP] Check Pods Manifest.lock */,
				6003F586195388D20070C39A /* Sources */,
				6003F587195388D20070C39A /* Frameworks */,
				6003F588195388D20070C39A /* Resources */,
				018CAE9B7E2D616BD73CD44F /* [CP] Embed Pods Frameworks */,
			);
			buildRules = (
			);
			dependencies = (
			);
			name = XJUtil_Example;
			productName = XJUtil;
			productReference = 6003F58A195388D20070C39A /* XJUtil_Example.app */;
			productType = "com.apple.product-type.application";
		};
		6003F5AD195388D20070C39A /* XJUtil_Tests */ = {
			isa = PBXNativeTarget;
			buildConfigurationList = 6003F5C2195388D20070C39A /* Build configuration list for PBXNativeTarget "XJUtil_Tests" */;
			buildPhases = (
				4DB0CD39FA4B87CF55FA9314 /* [CP] Check Pods Manifest.lock */,
				6003F5AA195388D20070C39A /* Sources */,
				6003F5AB195388D20070C39A /* Frameworks */,
				6003F5AC195388D20070C39A /* Resources */,
			);
			buildRules = (
			);
			dependencies = (
				6003F5B4195388D20070C39A /* PBXTargetDependency */,
			);
			name = XJUtil_Tests;
			productName = XJUtilTests;
			productReference = 6003F5AE195388D20070C39A /* XJUtil_Tests.xctest */;
			productType = "com.apple.product-type.bundle.unit-test";
		};
/* End PBXNativeTarget section */

/* Begin PBXProject section */
		6003F582195388D10070C39A /* Project object */ = {
			isa = PBXProject;
			attributes = {
				CLASSPREFIX = XJ;
				LastUpgradeCheck = 0720;
				ORGANIZATIONNAME = xjimi;
				TargetAttributes = {
					6003F5AD195388D20070C39A = {
						TestTargetID = 6003F589195388D20070C39A;
					};
				};
			};
			buildConfigurationList = 6003F585195388D10070C39A /* Build configuration list for PBXProject "XJUtil" */;
			compatibilityVersion = "Xcode 3.2";
			developmentRegion = English;
			hasScannedForEncodings = 0;
			knownRegions = (
				English,
				en,
				Base,
			);
			mainGroup = 6003F581195388D10070C39A;
			productRefGroup = 6003F58B195388D20070C39A /* Products */;
			projectDirPath = "";
			projectRoot = "";
			targets = (
				6003F589195388D20070C39A /* XJUtil_Example */,
				6003F5AD195388D20070C39A /* XJUtil_Tests */,
			);
		};
/* End PBXProject section */

/* Begin PBXResourcesBuildPhase section */
		6003F588195388D20070C39A /* Resources */ = {
			isa = PBXResourcesBuildPhase;
			buildActionMask = 2147483647;
			files = (
				873B8AEB1B1F5CCA007FD442 /* Main.storyboard in Resources */,
				71719F9F1E33DC2100824A3D /* LaunchScreen.storyboard in Resources */,
				9053C9B923056F3E00BE6BA4 /* .gitkeep in Resources */,
				6003F5A9195388D20070C39A /* Images.xcassets in Resources */,
				6003F598195388D20070C39A /* InfoPlist.strings in Resources */,
			);
			runOnlyForDeploymentPostprocessing = 0;
		};
		6003F5AC195388D20070C39A /* Resources */ = {
			isa = PBXResourcesBuildPhase;
			buildActionMask = 2147483647;
			files = (
				6003F5BA195388D20070C39A /* InfoPlist.strings in Resources */,
			);
			runOnlyForDeploymentPostprocessing = 0;
		};
/* End PBXResourcesBuildPhase section */

/* Begin PBXShellScriptBuildPhase section */
		018CAE9B7E2D616BD73CD44F /* [CP] Embed Pods Frameworks */ = {
			isa = PBXShellScriptBuildPhase;
			buildActionMask = 2147483647;
			files = (
			);
			inputPaths = (
				"${PODS_ROOT}/Target Support Files/Pods-XJUtil_Example/Pods-XJUtil_Example-frameworks.sh",
				"${BUILT_PRODUCTS_DIR}/Reachability/Reachability.framework",
				"${BUILT_PRODUCTS_DIR}/XJUtil/XJUtil.framework",
			);
			name = "[CP] Embed Pods Frameworks";
			outputPaths = (
				"${TARGET_BUILD_DIR}/${FRAMEWORKS_FOLDER_PATH}/Reachability.framework",
				"${TARGET_BUILD_DIR}/${FRAMEWORKS_FOLDER_PATH}/XJUtil.framework",
			);
			runOnlyForDeploymentPostprocessing = 0;
			shellPath = /bin/sh;
			shellScript = "\"${PODS_ROOT}/Target Support Files/Pods-XJUtil_Example/Pods-XJUtil_Example-frameworks.sh\"\n";
			showEnvVarsInLog = 0;
		};
		040A54EB70D87D3788FA3C3B /* [CP] Check Pods Manifest.lock */ = {
			isa = PBXShellScriptBuildPhase;
			buildActionMask = 2147483647;
			files = (
			);
			inputFileListPaths = (
			);
			inputPaths = (
				"${PODS_PODFILE_DIR_PATH}/Podfile.lock",
				"${PODS_ROOT}/Manifest.lock",
			);
			name = "[CP] Check Pods Manifest.lock";
			outputFileListPaths = (
			);
			outputPaths = (
				"$(DERIVED_FILE_DIR)/Pods-XJUtil_Example-checkManifestLockResult.txt",
			);
			runOnlyForDeploymentPostprocessing = 0;
			shellPath = /bin/sh;
			shellScript = "diff \"${PODS_PODFILE_DIR_PATH}/Podfile.lock\" \"${PODS_ROOT}/Manifest.lock\" > /dev/null\nif [ $? != 0 ] ; then\n    # print error to STDERR\n    echo \"error: The sandbox is not in sync with the Podfile.lock. Run 'pod install' or update your CocoaPods installation.\" >&2\n    exit 1\nfi\n# This output is used by Xcode 'outputs' to avoid re-running this script phase.\necho \"SUCCESS\" > \"${SCRIPT_OUTPUT_FILE_0}\"\n";
			showEnvVarsInLog = 0;
		};
		4DB0CD39FA4B87CF55FA9314 /* [CP] Check Pods Manifest.lock */ = {
			isa = PBXShellScriptBuildPhase;
			buildActionMask = 2147483647;
			files = (
			);
			inputFileListPaths = (
			);
			inputPaths = (
				"${PODS_PODFILE_DIR_PATH}/Podfile.lock",
				"${PODS_ROOT}/Manifest.lock",
			);
			name = "[CP] Check Pods Manifest.lock";
			outputFileListPaths = (
			);
			outputPaths = (
				"$(DERIVED_FILE_DIR)/Pods-XJUtil_Tests-checkManifestLockResult.txt",
			);
			runOnlyForDeploymentPostprocessing = 0;
			shellPath = /bin/sh;
			shellScript = "diff \"${PODS_PODFILE_DIR_PATH}/Podfile.lock\" \"${PODS_ROOT}/Manifest.lock\" > /dev/null\nif [ $? != 0 ] ; then\n    # print error to STDERR\n    echo \"error: The sandbox is not in sync with the Podfile.lock. Run 'pod install' or update your CocoaPods installation.\" >&2\n    exit 1\nfi\n# This output is used by Xcode 'outputs' to avoid re-running this script phase.\necho \"SUCCESS\" > \"${SCRIPT_OUTPUT_FILE_0}\"\n";
			showEnvVarsInLog = 0;
		};
/* End PBXShellScriptBuildPhase section */

/* Begin PBXSourcesBuildPhase section */
		6003F586195388D20070C39A /* Sources */ = {
			isa = PBXSourcesBuildPhase;
			buildActionMask = 2147483647;
			files = (
				9053C9B223056F3E00BE6BA4 /* UIImageView+XJImageManager.m in Sources */,
				6003F59E195388D20070C39A /* XJAppDelegate.m in Sources */,
				9053C9C323056F3E00BE6BA4 /* NSDictionary+XJSafe.m in Sources */,
				9053C9BE23056F3E00BE6BA4 /* WMPageController.m in Sources */,
				9053C9B823056F3E00BE6BA4 /* NSArray+XJEnumExtensions.m in Sources */,
				9053C9C62306711900BE6BA4 /* UINavigationController+XJAppareance.m in Sources */,
				9053C9BB23056F3E00BE6BA4 /* XJGradientImageView.m in Sources */,
				9053C9C023056F3E00BE6BA4 /* NSMutableSet+XJSafe.m in Sources */,
				9053C9BD23056F3E00BE6BA4 /* XJTopWindow.m in Sources */,
				9053C9BF23056F3E00BE6BA4 /* WMScrollView.m in Sources */,
				9053C9B523056F3E00BE6BA4 /* UIViewController+XJExtension.m in Sources */,
				9053C9B023056F3E00BE6BA4 /* UIImage+XJAdditions.m in Sources */,
				9053C9C123056F3E00BE6BA4 /* NSArray+XJSafe.m in Sources */,
				9053C9BA23056F3E00BE6BA4 /* XJGradientView.m in Sources */,
				6003F5A7195388D20070C39A /* XJViewController.m in Sources */,
				9053C9B423056F3E00BE6BA4 /* UIViewController+XJStatusBar.m in Sources */,
				9053C9BC23056F3E00BE6BA4 /* XJBundleResource.m in Sources */,
				9053C9B323056F3E00BE6BA4 /* NSString+XJExtension.m in Sources */,
				9053C9C223056F3E00BE6BA4 /* NSString+XJSafe.m in Sources */,
				9053C9B123056F3E00BE6BA4 /* UIWindow+XJVisible.m in Sources */,
				6003F59A195388D20070C39A /* main.m in Sources */,
			);
			runOnlyForDeploymentPostprocessing = 0;
		};
		6003F5AA195388D20070C39A /* Sources */ = {
			isa = PBXSourcesBuildPhase;
			buildActionMask = 2147483647;
			files = (
				6003F5BC195388D20070C39A /* Tests.m in Sources */,
			);
			runOnlyForDeploymentPostprocessing = 0;
		};
/* End PBXSourcesBuildPhase section */

/* Begin PBXTargetDependency section */
		6003F5B4195388D20070C39A /* PBXTargetDependency */ = {
			isa = PBXTargetDependency;
			target = 6003F589195388D20070C39A /* XJUtil_Example */;
			targetProxy = 6003F5B3195388D20070C39A /* PBXContainerItemProxy */;
		};
/* End PBXTargetDependency section */

/* Begin PBXVariantGroup section */
		6003F596195388D20070C39A /* InfoPlist.strings */ = {
			isa = PBXVariantGroup;
			children = (
				6003F597195388D20070C39A /* en */,
			);
			name = InfoPlist.strings;
			sourceTree = "<group>";
		};
		6003F5B8195388D20070C39A /* InfoPlist.strings */ = {
			isa = PBXVariantGroup;
			children = (
				6003F5B9195388D20070C39A /* en */,
			);
			name = InfoPlist.strings;
			sourceTree = "<group>";
		};
		71719F9D1E33DC2100824A3D /* LaunchScreen.storyboard */ = {
			isa = PBXVariantGroup;
			children = (
				71719F9E1E33DC2100824A3D /* Base */,
			);
			name = LaunchScreen.storyboard;
			sourceTree = "<group>";
		};
/* End PBXVariantGroup section */

/* Begin XCBuildConfiguration section */
		6003F5BD195388D20070C39A /* Debug */ = {
			isa = XCBuildConfiguration;
			buildSettings = {
				ALWAYS_SEARCH_USER_PATHS = NO;
				CLANG_CXX_LANGUAGE_STANDARD = "gnu++0x";
				CLANG_CXX_LIBRARY = "libc++";
				CLANG_ENABLE_MODULES = YES;
				CLANG_ENABLE_OBJC_ARC = YES;
				CLANG_WARN_BOOL_CONVERSION = YES;
				CLANG_WARN_CONSTANT_CONVERSION = YES;
				CLANG_WARN_DIRECT_OBJC_ISA_USAGE = YES_ERROR;
				CLANG_WARN_EMPTY_BODY = YES;
				CLANG_WARN_ENUM_CONVERSION = YES;
				CLANG_WARN_INT_CONVERSION = YES;
				CLANG_WARN_OBJC_ROOT_CLASS = YES_ERROR;
				CLANG_WARN__DUPLICATE_METHOD_MATCH = YES;
				"CODE_SIGN_IDENTITY[sdk=iphoneos*]" = "iPhone Developer";
				COPY_PHASE_STRIP = NO;
				ENABLE_TESTABILITY = YES;
				GCC_C_LANGUAGE_STANDARD = gnu99;
				GCC_DYNAMIC_NO_PIC = NO;
				GCC_OPTIMIZATION_LEVEL = 0;
				GCC_PREPROCESSOR_DEFINITIONS = (
					"DEBUG=1",
					"$(inherited)",
				);
				GCC_SYMBOLS_PRIVATE_EXTERN = NO;
				GCC_WARN_64_TO_32_BIT_CONVERSION = YES;
				GCC_WARN_ABOUT_RETURN_TYPE = YES_ERROR;
				GCC_WARN_UNDECLARED_SELECTOR = YES;
				GCC_WARN_UNINITIALIZED_AUTOS = YES_AGGRESSIVE;
				GCC_WARN_UNUSED_FUNCTION = YES;
				GCC_WARN_UNUSED_VARIABLE = YES;
				IPHONEOS_DEPLOYMENT_TARGET = 9.3;
				ONLY_ACTIVE_ARCH = YES;
				SDKROOT = iphoneos;
				TARGETED_DEVICE_FAMILY = "1,2";
			};
			name = Debug;
		};
		6003F5BE195388D20070C39A /* Release */ = {
			isa = XCBuildConfiguration;
			buildSettings = {
				ALWAYS_SEARCH_USER_PATHS = NO;
				CLANG_CXX_LANGUAGE_STANDARD = "gnu++0x";
				CLANG_CXX_LIBRARY = "libc++";
				CLANG_ENABLE_MODULES = YES;
				CLANG_ENABLE_OBJC_ARC = YES;
				CLANG_WARN_BOOL_CONVERSION = YES;
				CLANG_WARN_CONSTANT_CONVERSION = YES;
				CLANG_WARN_DIRECT_OBJC_ISA_USAGE = YES_ERROR;
				CLANG_WARN_EMPTY_BODY = YES;
				CLANG_WARN_ENUM_CONVERSION = YES;
				CLANG_WARN_INT_CONVERSION = YES;
				CLANG_WARN_OBJC_ROOT_CLASS = YES_ERROR;
				CLANG_WARN__DUPLICATE_METHOD_MATCH = YES;
				"CODE_SIGN_IDENTITY[sdk=iphoneos*]" = "iPhone Developer";
				COPY_PHASE_STRIP = YES;
				ENABLE_NS_ASSERTIONS = NO;
				GCC_C_LANGUAGE_STANDARD = gnu99;
				GCC_WARN_64_TO_32_BIT_CONVERSION = YES;
				GCC_WARN_ABOUT_RETURN_TYPE = YES_ERROR;
				GCC_WARN_UNDECLARED_SELECTOR = YES;
				GCC_WARN_UNINITIALIZED_AUTOS = YES_AGGRESSIVE;
				GCC_WARN_UNUSED_FUNCTION = YES;
				GCC_WARN_UNUSED_VARIABLE = YES;
				IPHONEOS_DEPLOYMENT_TARGET = 9.3;
				SDKROOT = iphoneos;
				TARGETED_DEVICE_FAMILY = "1,2";
				VALIDATE_PRODUCT = YES;
			};
			name = Release;
		};
		6003F5C0195388D20070C39A /* Debug */ = {
			isa = XCBuildConfiguration;
			baseConfigurationReference = 4099C654DC6D3C6D73254522 /* Pods-XJUtil_Example.debug.xcconfig */;
			buildSettings = {
				ASSETCATALOG_COMPILER_APPICON_NAME = AppIcon;
				DEVELOPMENT_TEAM = "";
				GCC_PRECOMPILE_PREFIX_HEADER = YES;
				GCC_PREFIX_HEADER = "XJUtil/XJUtil-Prefix.pch";
				INFOPLIST_FILE = "XJUtil/XJUtil-Info.plist";
				MODULE_NAME = ExampleApp;
				PRODUCT_BUNDLE_IDENTIFIER = "org.cocoapods.demo.${PRODUCT_NAME:rfc1034identifier}";
				PRODUCT_NAME = "$(TARGET_NAME)";
				WRAPPER_EXTENSION = app;
			};
			name = Debug;
		};
		6003F5C1195388D20070C39A /* Release */ = {
			isa = XCBuildConfiguration;
			baseConfigurationReference = 126804DAE291320D3E72A0A1 /* Pods-XJUtil_Example.release.xcconfig */;
			buildSettings = {
				ASSETCATALOG_COMPILER_APPICON_NAME = AppIcon;
				DEVELOPMENT_TEAM = "";
				GCC_PRECOMPILE_PREFIX_HEADER = YES;
				GCC_PREFIX_HEADER = "XJUtil/XJUtil-Prefix.pch";
				INFOPLIST_FILE = "XJUtil/XJUtil-Info.plist";
				MODULE_NAME = ExampleApp;
				PRODUCT_BUNDLE_IDENTIFIER = "org.cocoapods.demo.${PRODUCT_NAME:rfc1034identifier}";
				PRODUCT_NAME = "$(TARGET_NAME)";
				WRAPPER_EXTENSION = app;
			};
			name = Release;
		};
		6003F5C3195388D20070C39A /* Debug */ = {
			isa = XCBuildConfiguration;
			baseConfigurationReference = D4E9A4D0FA19758F9D846DE6 /* Pods-XJUtil_Tests.debug.xcconfig */;
			buildSettings = {
				BUNDLE_LOADER = "$(TEST_HOST)";
				FRAMEWORK_SEARCH_PATHS = (
					"$(SDKROOT)/Developer/Library/Frameworks",
					"$(inherited)",
					"$(DEVELOPER_FRAMEWORKS_DIR)",
				);
				GCC_PRECOMPILE_PREFIX_HEADER = YES;
				GCC_PREFIX_HEADER = "Tests/Tests-Prefix.pch";
				GCC_PREPROCESSOR_DEFINITIONS = (
					"DEBUG=1",
					"$(inherited)",
				);
				INFOPLIST_FILE = "Tests/Tests-Info.plist";
				PRODUCT_BUNDLE_IDENTIFIER = "org.cocoapods.demo.${PRODUCT_NAME:rfc1034identifier}";
				PRODUCT_NAME = "$(TARGET_NAME)";
				TEST_HOST = "$(BUILT_PRODUCTS_DIR)/XJUtil_Example.app/XJUtil_Example";
				WRAPPER_EXTENSION = xctest;
			};
			name = Debug;
		};
		6003F5C4195388D20070C39A /* Release */ = {
			isa = XCBuildConfiguration;
			baseConfigurationReference = 327B242C15D49D2A3212E17A /* Pods-XJUtil_Tests.release.xcconfig */;
			buildSettings = {
				BUNDLE_LOADER = "$(TEST_HOST)";
				FRAMEWORK_SEARCH_PATHS = (
					"$(SDKROOT)/Developer/Library/Frameworks",
					"$(inherited)",
					"$(DEVELOPER_FRAMEWORKS_DIR)",
				);
				GCC_PRECOMPILE_PREFIX_HEADER = YES;
				GCC_PREFIX_HEADER = "Tests/Tests-Prefix.pch";
				INFOPLIST_FILE = "Tests/Tests-Info.plist";
				PRODUCT_BUNDLE_IDENTIFIER = "org.cocoapods.demo.${PRODUCT_NAME:rfc1034identifier}";
				PRODUCT_NAME = "$(TARGET_NAME)";
				TEST_HOST = "$(BUILT_PRODUCTS_DIR)/XJUtil_Example.app/XJUtil_Example";
				WRAPPER_EXTENSION = xctest;
			};
			name = Release;
		};
/* End XCBuildConfiguration section */

/* Begin XCConfigurationList section */
		6003F585195388D10070C39A /* Build configuration list for PBXProject "XJUtil" */ = {
			isa = XCConfigurationList;
			buildConfigurations = (
				6003F5BD195388D20070C39A /* Debug */,
				6003F5BE195388D20070C39A /* Release */,
			);
			defaultConfigurationIsVisible = 0;
			defaultConfigurationName = Release;
		};
		6003F5BF195388D20070C39A /* Build configuration list for PBXNativeTarget "XJUtil_Example" */ = {
			isa = XCConfigurationList;
			buildConfigurations = (
				6003F5C0195388D20070C39A /* Debug */,
				6003F5C1195388D20070C39A /* Release */,
			);
			defaultConfigurationIsVisible = 0;
			defaultConfigurationName = Release;
		};
		6003F5C2195388D20070C39A /* Build configuration list for PBXNativeTarget "XJUtil_Tests" */ = {
			isa = XCConfigurationList;
			buildConfigurations = (
				6003F5C3195388D20070C39A /* Debug */,
				6003F5C4195388D20070C39A /* Release */,
			);
			defaultConfigurationIsVisible = 0;
			defaultConfigurationName = Release;
		};
/* End XCConfigurationList section */
	};
	rootObject = 6003F582195388D10070C39A /* Project object */;
}
